
Microsoft Visual Studio Solution File, Format Version 12.00
# Visual Studio Version 17
VisualStudioVersion = 17.0.31903.59
MinimumVisualStudioVersion = 10.0.40219.1
Project("{2150E333-8FDC-42A3-9474-1A3956D46DE8}") = "src", "src", "{827E0CD3-B72D-47B6-A68D-7590B98EB39B}"
EndProject
Project("{FAE04EC0-301F-11D3-BF4B-00C04F79EFBC}") = "Katasec.DStream.Plugin", "src\Katasec.DStream.Plugin\Katasec.DStream.Plugin.csproj", "{E15EB717-BC0D-4EA2-8F1C-2F129E413E41}"
EndProject
Project("{FAE04EC0-301F-11D3-BF4B-00C04F79EFBC}") = "Katasec.DStream.Providers", "src\Katasec.DStream.Providers\Katasec.DStream.Providers.csproj", "{D7CDC48E-2053-472B-A998-129521C841B8}"
EndProject
Project("{FAE04EC0-301F-11D3-BF4B-00C04F79EFBC}") = "Katasec.DStream.Abstractions", "src\Katasec.DStream.Abstractions\Katasec.DStream.Abstractions.csproj", "{2BB80B40-2965-48E0-A729-630C5D2CF025}"
EndProject
Project("{FAE04EC0-301F-11D3-BF4B-00C04F79EFBC}") = "Katasec.DStream.Runtime", "src\Katasec.DStream.Runtime\Katasec.DStream.Runtime.csproj", "{3DFFEAB9-FEF0-45FB-B044-050E657AD008}"
EndProject
Project("{FAE04EC0-301F-11D3-BF4B-00C04F79EFBC}") = "Katasec.DStream.Host.Bridge", "src\Katasec.DStream.Host.Bridge\Katasec.DStream.Host.Bridge.csproj", "{D2D665C4-320B-462C-91A0-718E9E81D2A0}"
EndProject
Project("{FAE04EC0-301F-11D3-BF4B-00C04F79EFBC}") = "Katasec.DStream.Host.Template", "src\Katasec.DStream.Host.Template\Katasec.DStream.Host.Template.csproj", "{566B20A9-BA35-49A3-B674-3773E15C06C0}"
EndProject
Project("{FAE04EC0-301F-11D3-BF4B-00C04F79EFBC}") = "Katasec.DStream.Provider.AsbQueue", "src\Katasec.DStream.Provider.AsbQueue\Katasec.DStream.Provider.AsbQueue.csproj", "{6FD4C7DA-E8F3-4D58-88D0-038442A5311B}"
EndProject
Project("{FAE04EC0-301F-11D3-BF4B-00C04F79EFBC}") = "Katasec.DStream.Provider.MssqlCdc", "src\Katasec.DStream.Provider.MssqlCdc\Katasec.DStream.Provider.MssqlCdc.csproj", "{A89A6D58-E388-412D-BEB3-0B225DD6605B}"
EndProject
Project("{FAE04EC0-301F-11D3-BF4B-00C04F79EFBC}") = "Katasec.DStream.Provider.PostgresCdc", "src\Katasec.DStream.Provider.PostgresCdc\Katasec.DStream.Provider.PostgresCdc.csproj", "{2B229B77-39D5-4DCC-938C-D9752AF531FD}"
EndProject
Project("{FAE04EC0-301F-11D3-BF4B-00C04F79EFBC}") = "Katasec.DStream.Provider.Twilio", "src\Katasec.DStream.Provider.Twilio\Katasec.DStream.Provider.Twilio.csproj", "{546CFC26-2C2A-4B83-994A-4DF38991EE7E}"
EndProject
Project("{FAE04EC0-301F-11D3-BF4B-00C04F79EFBC}") = "Katasec.DStream.Provider.Console", "src\Katasec.DStream.Provider.Console\Katasec.DStream.Provider.Console.csproj", "{33557C49-1699-49CC-A5A2-AC71C6E6214E}"
EndProject
Project("{FAE04EC0-301F-11D3-BF4B-00C04F79EFBC}") = "Katasec.DStream.SDK", "src\Katasec.DStream.SDK\Katasec.DStream.SDK.csproj", "{1A69D5D8-4AE0-4E64-8401-6AB9015B442F}"
EndProject
Project("{2150E333-8FDC-42A3-9474-1A3956D46DE8}") = "tests", "tests", "{0C88DD14-F956-CE84-757C-A364CCF449FC}"
EndProject
Project("{FAE04EC0-301F-11D3-BF4B-00C04F79EFBC}") = "Katasec.DStream.TestKit", "test\Katasec.DStream.TestKit\Katasec.DStream.TestKit.csproj", "{D40A58DC-B3F8-43F4-9E40-04A9BC913AF1}"
EndProject
Project("{FAE04EC0-301F-11D3-BF4B-00C04F79EFBC}") = "Runtime.Tests", "test\Runtime.Tests\Runtime.Tests.csproj", "{10DC0C58-E02A-4DC8-995F-B2B166BDEFE8}"
EndProject
Project("{FAE04EC0-301F-11D3-BF4B-00C04F79EFBC}") = "Providers.AsbQueue.Tests", "test\Providers.AsbQueue.Tests\Providers.AsbQueue.Tests.csproj", "{ABCF7755-4E04-4861-A364-F50F18CC98CE}"
EndProject
Project("{2150E333-8FDC-42A3-9474-1A3956D46DE8}") = "samples", "samples", "{5D20AA90-6969-D8BD-9DCD-8634F4692FDA}"
EndProject
Project("{FAE04EC0-301F-11D3-BF4B-00C04F79EFBC}") = "Playground", "samples\Playground\Playground.csproj", "{1E03ED4D-5E87-41C3-A173-F2247E86DF4C}"
EndProject
Project("{2150E333-8FDC-42A3-9474-1A3956D46DE8}") = "Solution Items", "Solution Items", "{8EC462FD-D22E-90A8-E5CE-7E832BA40C5D}"
	ProjectSection(SolutionItems) = preProject
		Plan.txt = Plan.txt
	EndProjectSection
EndProject
Project("{FAE04EC0-301F-11D3-BF4B-00C04F79EFBC}") = "dstream-dotnet-test", "src\dstream-dotnet-test\dstream-dotnet-test.csproj", "{1F583FA5-6B06-1921-CC71-E21EC4E44AAA}"
EndProject
Project("{2150E333-8FDC-42A3-9474-1A3956D46DE8}") = "sdk", "sdk", "{02EA681E-C7D8-13C7-8484-4AC65E1B71E8}"
EndProject
Project("{2150E333-8FDC-42A3-9474-1A3956D46DE8}") = "providers", "providers", "{03D09ED1-B124-4CE3-A129-4F692306BBD1}"
EndProject
Project("{2150E333-8FDC-42A3-9474-1A3956D46DE8}") = "samples", "samples", "{7361D72C-616B-4639-A987-3AFE93BA38A0}"
EndProject
Project("{2150E333-8FDC-42A3-9474-1A3956D46DE8}") = "legacy", "legacy", "{663D2DBD-2DA4-46E3-BCD6-7418451A8321}"
EndProject
Global
	GlobalSection(SolutionConfigurationPlatforms) = preSolution
		Debug|Any CPU = Debug|Any CPU
		Debug|x64 = Debug|x64
		Debug|x86 = Debug|x86
		Release|Any CPU = Release|Any CPU
		Release|x64 = Release|x64
		Release|x86 = Release|x86
	EndGlobalSection
	GlobalSection(ProjectConfigurationPlatforms) = postSolution
		{E15EB717-BC0D-4EA2-8F1C-2F129E413E41}.Debug|Any CPU.ActiveCfg = Debug|Any CPU
		{E15EB717-BC0D-4EA2-8F1C-2F129E413E41}.Debug|Any CPU.Build.0 = Debug|Any CPU
		{E15EB717-BC0D-4EA2-8F1C-2F129E413E41}.Debug|x64.ActiveCfg = Debug|Any CPU
		{E15EB717-BC0D-4EA2-8F1C-2F129E413E41}.Debug|x64.Build.0 = Debug|Any CPU
		{E15EB717-BC0D-4EA2-8F1C-2F129E413E41}.Debug|x86.ActiveCfg = Debug|Any CPU
		{E15EB717-BC0D-4EA2-8F1C-2F129E413E41}.Debug|x86.Build.0 = Debug|Any CPU
		{E15EB717-BC0D-4EA2-8F1C-2F129E413E41}.Release|Any CPU.ActiveCfg = Release|Any CPU
		{E15EB717-BC0D-4EA2-8F1C-2F129E413E41}.Release|Any CPU.Build.0 = Release|Any CPU
		{E15EB717-BC0D-4EA2-8F1C-2F129E413E41}.Release|x64.ActiveCfg = Release|Any CPU
		{E15EB717-BC0D-4EA2-8F1C-2F129E413E41}.Release|x64.Build.0 = Release|Any CPU
		{E15EB717-BC0D-4EA2-8F1C-2F129E413E41}.Release|x86.ActiveCfg = Release|Any CPU
		{E15EB717-BC0D-4EA2-8F1C-2F129E413E41}.Release|x86.Build.0 = Release|Any CPU
		{D7CDC48E-2053-472B-A998-129521C841B8}.Debug|Any CPU.ActiveCfg = Debug|Any CPU
		{D7CDC48E-2053-472B-A998-129521C841B8}.Debug|Any CPU.Build.0 = Debug|Any CPU
		{D7CDC48E-2053-472B-A998-129521C841B8}.Debug|x64.ActiveCfg = Debug|Any CPU
		{D7CDC48E-2053-472B-A998-129521C841B8}.Debug|x64.Build.0 = Debug|Any CPU
		{D7CDC48E-2053-472B-A998-129521C841B8}.Debug|x86.ActiveCfg = Debug|Any CPU
		{D7CDC48E-2053-472B-A998-129521C841B8}.Debug|x86.Build.0 = Debug|Any CPU
		{D7CDC48E-2053-472B-A998-129521C841B8}.Release|Any CPU.ActiveCfg = Release|Any CPU
		{D7CDC48E-2053-472B-A998-129521C841B8}.Release|Any CPU.Build.0 = Release|Any CPU
		{D7CDC48E-2053-472B-A998-129521C841B8}.Release|x64.ActiveCfg = Release|Any CPU
		{D7CDC48E-2053-472B-A998-129521C841B8}.Release|x64.Build.0 = Release|Any CPU
		{D7CDC48E-2053-472B-A998-129521C841B8}.Release|x86.ActiveCfg = Release|Any CPU
		{D7CDC48E-2053-472B-A998-129521C841B8}.Release|x86.Build.0 = Release|Any CPU
		{2BB80B40-2965-48E0-A729-630C5D2CF025}.Debug|Any CPU.ActiveCfg = Debug|Any CPU
		{2BB80B40-2965-48E0-A729-630C5D2CF025}.Debug|Any CPU.Build.0 = Debug|Any CPU
		{2BB80B40-2965-48E0-A729-630C5D2CF025}.Debug|x64.ActiveCfg = Debug|Any CPU
		{2BB80B40-2965-48E0-A729-630C5D2CF025}.Debug|x64.Build.0 = Debug|Any CPU
		{2BB80B40-2965-48E0-A729-630C5D2CF025}.Debug|x86.ActiveCfg = Debug|Any CPU
		{2BB80B40-2965-48E0-A729-630C5D2CF025}.Debug|x86.Build.0 = Debug|Any CPU
		{2BB80B40-2965-48E0-A729-630C5D2CF025}.Release|Any CPU.ActiveCfg = Release|Any CPU
		{2BB80B40-2965-48E0-A729-630C5D2CF025}.Release|Any CPU.Build.0 = Release|Any CPU
		{2BB80B40-2965-48E0-A729-630C5D2CF025}.Release|x64.ActiveCfg = Release|Any CPU
		{2BB80B40-2965-48E0-A729-630C5D2CF025}.Release|x64.Build.0 = Release|Any CPU
		{2BB80B40-2965-48E0-A729-630C5D2CF025}.Release|x86.ActiveCfg = Release|Any CPU
		{2BB80B40-2965-48E0-A729-630C5D2CF025}.Release|x86.Build.0 = Release|Any CPU
		{3DFFEAB9-FEF0-45FB-B044-050E657AD008}.Debug|Any CPU.ActiveCfg = Debug|Any CPU
		{3DFFEAB9-FEF0-45FB-B044-050E657AD008}.Debug|Any CPU.Build.0 = Debug|Any CPU
		{3DFFEAB9-FEF0-45FB-B044-050E657AD008}.Debug|x64.ActiveCfg = Debug|Any CPU
		{3DFFEAB9-FEF0-45FB-B044-050E657AD008}.Debug|x64.Build.0 = Debug|Any CPU
		{3DFFEAB9-FEF0-45FB-B044-050E657AD008}.Debug|x86.ActiveCfg = Debug|Any CPU
		{3DFFEAB9-FEF0-45FB-B044-050E657AD008}.Debug|x86.Build.0 = Debug|Any CPU
		{3DFFEAB9-FEF0-45FB-B044-050E657AD008}.Release|Any CPU.ActiveCfg = Release|Any CPU
		{3DFFEAB9-FEF0-45FB-B044-050E657AD008}.Release|Any CPU.Build.0 = Release|Any CPU
		{3DFFEAB9-FEF0-45FB-B044-050E657AD008}.Release|x64.ActiveCfg = Release|Any CPU
		{3DFFEAB9-FEF0-45FB-B044-050E657AD008}.Release|x64.Build.0 = Release|Any CPU
		{3DFFEAB9-FEF0-45FB-B044-050E657AD008}.Release|x86.ActiveCfg = Release|Any CPU
		{3DFFEAB9-FEF0-45FB-B044-050E657AD008}.Release|x86.Build.0 = Release|Any CPU
		{D2D665C4-320B-462C-91A0-718E9E81D2A0}.Debug|Any CPU.ActiveCfg = Debug|Any CPU
		{D2D665C4-320B-462C-91A0-718E9E81D2A0}.Debug|Any CPU.Build.0 = Debug|Any CPU
		{D2D665C4-320B-462C-91A0-718E9E81D2A0}.Debug|x64.ActiveCfg = Debug|Any CPU
		{D2D665C4-320B-462C-91A0-718E9E81D2A0}.Debug|x64.Build.0 = Debug|Any CPU
		{D2D665C4-320B-462C-91A0-718E9E81D2A0}.Debug|x86.ActiveCfg = Debug|Any CPU
		{D2D665C4-320B-462C-91A0-718E9E81D2A0}.Debug|x86.Build.0 = Debug|Any CPU
		{D2D665C4-320B-462C-91A0-718E9E81D2A0}.Release|Any CPU.ActiveCfg = Release|Any CPU
		{D2D665C4-320B-462C-91A0-718E9E81D2A0}.Release|Any CPU.Build.0 = Release|Any CPU
		{D2D665C4-320B-462C-91A0-718E9E81D2A0}.Release|x64.ActiveCfg = Release|Any CPU
		{D2D665C4-320B-462C-91A0-718E9E81D2A0}.Release|x64.Build.0 = Release|Any CPU
		{D2D665C4-320B-462C-91A0-718E9E81D2A0}.Release|x86.ActiveCfg = Release|Any CPU
		{D2D665C4-320B-462C-91A0-718E9E81D2A0}.Release|x86.Build.0 = Release|Any CPU
		{566B20A9-BA35-49A3-B674-3773E15C06C0}.Debug|Any CPU.ActiveCfg = Debug|Any CPU
		{566B20A9-BA35-49A3-B674-3773E15C06C0}.Debug|Any CPU.Build.0 = Debug|Any CPU
		{566B20A9-BA35-49A3-B674-3773E15C06C0}.Debug|x64.ActiveCfg = Debug|Any CPU
		{566B20A9-BA35-49A3-B674-3773E15C06C0}.Debug|x64.Build.0 = Debug|Any CPU
		{566B20A9-BA35-49A3-B674-3773E15C06C0}.Debug|x86.ActiveCfg = Debug|Any CPU
		{566B20A9-BA35-49A3-B674-3773E15C06C0}.Debug|x86.Build.0 = Debug|Any CPU
		{566B20A9-BA35-49A3-B674-3773E15C06C0}.Release|Any CPU.ActiveCfg = Release|Any CPU
		{566B20A9-BA35-49A3-B674-3773E15C06C0}.Release|Any CPU.Build.0 = Release|Any CPU
		{566B20A9-BA35-49A3-B674-3773E15C06C0}.Release|x64.ActiveCfg = Release|Any CPU
		{566B20A9-BA35-49A3-B674-3773E15C06C0}.Release|x64.Build.0 = Release|Any CPU
		{566B20A9-BA35-49A3-B674-3773E15C06C0}.Release|x86.ActiveCfg = Release|Any CPU
		{566B20A9-BA35-49A3-B674-3773E15C06C0}.Release|x86.Build.0 = Release|Any CPU
		{6FD4C7DA-E8F3-4D58-88D0-038442A5311B}.Debug|Any CPU.ActiveCfg = Debug|Any CPU
		{6FD4C7DA-E8F3-4D58-88D0-038442A5311B}.Debug|Any CPU.Build.0 = Debug|Any CPU
		{6FD4C7DA-E8F3-4D58-88D0-038442A5311B}.Debug|x64.ActiveCfg = Debug|Any CPU
		{6FD4C7DA-E8F3-4D58-88D0-038442A5311B}.Debug|x64.Build.0 = Debug|Any CPU
		{6FD4C7DA-E8F3-4D58-88D0-038442A5311B}.Debug|x86.ActiveCfg = Debug|Any CPU
		{6FD4C7DA-E8F3-4D58-88D0-038442A5311B}.Debug|x86.Build.0 = Debug|Any CPU
		{6FD4C7DA-E8F3-4D58-88D0-038442A5311B}.Release|Any CPU.ActiveCfg = Release|Any CPU
		{6FD4C7DA-E8F3-4D58-88D0-038442A5311B}.Release|Any CPU.Build.0 = Release|Any CPU
		{6FD4C7DA-E8F3-4D58-88D0-038442A5311B}.Release|x64.ActiveCfg = Release|Any CPU
		{6FD4C7DA-E8F3-4D58-88D0-038442A5311B}.Release|x64.Build.0 = Release|Any CPU
		{6FD4C7DA-E8F3-4D58-88D0-038442A5311B}.Release|x86.ActiveCfg = Release|Any CPU
		{6FD4C7DA-E8F3-4D58-88D0-038442A5311B}.Release|x86.Build.0 = Release|Any CPU
		{A89A6D58-E388-412D-BEB3-0B225DD6605B}.Debug|Any CPU.ActiveCfg = Debug|Any CPU
		{A89A6D58-E388-412D-BEB3-0B225DD6605B}.Debug|Any CPU.Build.0 = Debug|Any CPU
		{A89A6D58-E388-412D-BEB3-0B225DD6605B}.Debug|x64.ActiveCfg = Debug|Any CPU
		{A89A6D58-E388-412D-BEB3-0B225DD6605B}.Debug|x64.Build.0 = Debug|Any CPU
		{A89A6D58-E388-412D-BEB3-0B225DD6605B}.Debug|x86.ActiveCfg = Debug|Any CPU
		{A89A6D58-E388-412D-BEB3-0B225DD6605B}.Debug|x86.Build.0 = Debug|Any CPU
		{A89A6D58-E388-412D-BEB3-0B225DD6605B}.Release|Any CPU.ActiveCfg = Release|Any CPU
		{A89A6D58-E388-412D-BEB3-0B225DD6605B}.Release|Any CPU.Build.0 = Release|Any CPU
		{A89A6D58-E388-412D-BEB3-0B225DD6605B}.Release|x64.ActiveCfg = Release|Any CPU
		{A89A6D58-E388-412D-BEB3-0B225DD6605B}.Release|x64.Build.0 = Release|Any CPU
		{A89A6D58-E388-412D-BEB3-0B225DD6605B}.Release|x86.ActiveCfg = Release|Any CPU
		{A89A6D58-E388-412D-BEB3-0B225DD6605B}.Release|x86.Build.0 = Release|Any CPU
		{2B229B77-39D5-4DCC-938C-D9752AF531FD}.Debug|Any CPU.ActiveCfg = Debug|Any CPU
		{2B229B77-39D5-4DCC-938C-D9752AF531FD}.Debug|Any CPU.Build.0 = Debug|Any CPU
		{2B229B77-39D5-4DCC-938C-D9752AF531FD}.Debug|x64.ActiveCfg = Debug|Any CPU
		{2B229B77-39D5-4DCC-938C-D9752AF531FD}.Debug|x64.Build.0 = Debug|Any CPU
		{2B229B77-39D5-4DCC-938C-D9752AF531FD}.Debug|x86.ActiveCfg = Debug|Any CPU
		{2B229B77-39D5-4DCC-938C-D9752AF531FD}.Debug|x86.Build.0 = Debug|Any CPU
		{2B229B77-39D5-4DCC-938C-D9752AF531FD}.Release|Any CPU.ActiveCfg = Release|Any CPU
		{2B229B77-39D5-4DCC-938C-D9752AF531FD}.Release|Any CPU.Build.0 = Release|Any CPU
		{2B229B77-39D5-4DCC-938C-D9752AF531FD}.Release|x64.ActiveCfg = Release|Any CPU
		{2B229B77-39D5-4DCC-938C-D9752AF531FD}.Release|x64.Build.0 = Release|Any CPU
		{2B229B77-39D5-4DCC-938C-D9752AF531FD}.Release|x86.ActiveCfg = Release|Any CPU
		{2B229B77-39D5-4DCC-938C-D9752AF531FD}.Release|x86.Build.0 = Release|Any CPU
		{546CFC26-2C2A-4B83-994A-4DF38991EE7E}.Debug|Any CPU.ActiveCfg = Debug|Any CPU
		{546CFC26-2C2A-4B83-994A-4DF38991EE7E}.Debug|Any CPU.Build.0 = Debug|Any CPU
		{546CFC26-2C2A-4B83-994A-4DF38991EE7E}.Debug|x64.ActiveCfg = Debug|Any CPU
		{546CFC26-2C2A-4B83-994A-4DF38991EE7E}.Debug|x64.Build.0 = Debug|Any CPU
		{546CFC26-2C2A-4B83-994A-4DF38991EE7E}.Debug|x86.ActiveCfg = Debug|Any CPU
		{546CFC26-2C2A-4B83-994A-4DF38991EE7E}.Debug|x86.Build.0 = Debug|Any CPU
		{546CFC26-2C2A-4B83-994A-4DF38991EE7E}.Release|Any CPU.ActiveCfg = Release|Any CPU
		{546CFC26-2C2A-4B83-994A-4DF38991EE7E}.Release|Any CPU.Build.0 = Release|Any CPU
		{546CFC26-2C2A-4B83-994A-4DF38991EE7E}.Release|x64.ActiveCfg = Release|Any CPU
		{546CFC26-2C2A-4B83-994A-4DF38991EE7E}.Release|x64.Build.0 = Release|Any CPU
		{546CFC26-2C2A-4B83-994A-4DF38991EE7E}.Release|x86.ActiveCfg = Release|Any CPU
		{546CFC26-2C2A-4B83-994A-4DF38991EE7E}.Release|x86.Build.0 = Release|Any CPU
		{33557C49-1699-49CC-A5A2-AC71C6E6214E}.Debug|Any CPU.ActiveCfg = Debug|Any CPU
		{33557C49-1699-49CC-A5A2-AC71C6E6214E}.Debug|Any CPU.Build.0 = Debug|Any CPU
		{33557C49-1699-49CC-A5A2-AC71C6E6214E}.Debug|x64.ActiveCfg = Debug|Any CPU
		{33557C49-1699-49CC-A5A2-AC71C6E6214E}.Debug|x64.Build.0 = Debug|Any CPU
		{33557C49-1699-49CC-A5A2-AC71C6E6214E}.Debug|x86.ActiveCfg = Debug|Any CPU
		{33557C49-1699-49CC-A5A2-AC71C6E6214E}.Debug|x86.Build.0 = Debug|Any CPU
		{33557C49-1699-49CC-A5A2-AC71C6E6214E}.Release|Any CPU.ActiveCfg = Release|Any CPU
		{33557C49-1699-49CC-A5A2-AC71C6E6214E}.Release|Any CPU.Build.0 = Release|Any CPU
		{33557C49-1699-49CC-A5A2-AC71C6E6214E}.Release|x64.ActiveCfg = Release|Any CPU
		{33557C49-1699-49CC-A5A2-AC71C6E6214E}.Release|x64.Build.0 = Release|Any CPU
		{33557C49-1699-49CC-A5A2-AC71C6E6214E}.Release|x86.ActiveCfg = Release|Any CPU
		{33557C49-1699-49CC-A5A2-AC71C6E6214E}.Release|x86.Build.0 = Release|Any CPU
		{1A69D5D8-4AE0-4E64-8401-6AB9015B442F}.Debug|Any CPU.ActiveCfg = Debug|Any CPU
		{1A69D5D8-4AE0-4E64-8401-6AB9015B442F}.Debug|Any CPU.Build.0 = Debug|Any CPU
		{1A69D5D8-4AE0-4E64-8401-6AB9015B442F}.Debug|x64.ActiveCfg = Debug|Any CPU
		{1A69D5D8-4AE0-4E64-8401-6AB9015B442F}.Debug|x64.Build.0 = Debug|Any CPU
		{1A69D5D8-4AE0-4E64-8401-6AB9015B442F}.Debug|x86.ActiveCfg = Debug|Any CPU
		{1A69D5D8-4AE0-4E64-8401-6AB9015B442F}.Debug|x86.Build.0 = Debug|Any CPU
		{1A69D5D8-4AE0-4E64-8401-6AB9015B442F}.Release|Any CPU.ActiveCfg = Release|Any CPU
		{1A69D5D8-4AE0-4E64-8401-6AB9015B442F}.Release|Any CPU.Build.0 = Release|Any CPU
		{1A69D5D8-4AE0-4E64-8401-6AB9015B442F}.Release|x64.ActiveCfg = Release|Any CPU
		{1A69D5D8-4AE0-4E64-8401-6AB9015B442F}.Release|x64.Build.0 = Release|Any CPU
		{1A69D5D8-4AE0-4E64-8401-6AB9015B442F}.Release|x86.ActiveCfg = Release|Any CPU
		{1A69D5D8-4AE0-4E64-8401-6AB9015B442F}.Release|x86.Build.0 = Release|Any CPU
		{D40A58DC-B3F8-43F4-9E40-04A9BC913AF1}.Debug|Any CPU.ActiveCfg = Debug|Any CPU
		{D40A58DC-B3F8-43F4-9E40-04A9BC913AF1}.Debug|Any CPU.Build.0 = Debug|Any CPU
		{D40A58DC-B3F8-43F4-9E40-04A9BC913AF1}.Debug|x64.ActiveCfg = Debug|Any CPU
		{D40A58DC-B3F8-43F4-9E40-04A9BC913AF1}.Debug|x64.Build.0 = Debug|Any CPU
		{D40A58DC-B3F8-43F4-9E40-04A9BC913AF1}.Debug|x86.ActiveCfg = Debug|Any CPU
		{D40A58DC-B3F8-43F4-9E40-04A9BC913AF1}.Debug|x86.Build.0 = Debug|Any CPU
		{D40A58DC-B3F8-43F4-9E40-04A9BC913AF1}.Release|Any CPU.ActiveCfg = Release|Any CPU
		{D40A58DC-B3F8-43F4-9E40-04A9BC913AF1}.Release|Any CPU.Build.0 = Release|Any CPU
		{D40A58DC-B3F8-43F4-9E40-04A9BC913AF1}.Release|x64.ActiveCfg = Release|Any CPU
		{D40A58DC-B3F8-43F4-9E40-04A9BC913AF1}.Release|x64.Build.0 = Release|Any CPU
		{D40A58DC-B3F8-43F4-9E40-04A9BC913AF1}.Release|x86.ActiveCfg = Release|Any CPU
		{D40A58DC-B3F8-43F4-9E40-04A9BC913AF1}.Release|x86.Build.0 = Release|Any CPU
		{10DC0C58-E02A-4DC8-995F-B2B166BDEFE8}.Debug|Any CPU.ActiveCfg = Debug|Any CPU
		{10DC0C58-E02A-4DC8-995F-B2B166BDEFE8}.Debug|Any CPU.Build.0 = Debug|Any CPU
		{10DC0C58-E02A-4DC8-995F-B2B166BDEFE8}.Debug|x64.ActiveCfg = Debug|Any CPU
		{10DC0C58-E02A-4DC8-995F-B2B166BDEFE8}.Debug|x64.Build.0 = Debug|Any CPU
		{10DC0C58-E02A-4DC8-995F-B2B166BDEFE8}.Debug|x86.ActiveCfg = Debug|Any CPU
		{10DC0C58-E02A-4DC8-995F-B2B166BDEFE8}.Debug|x86.Build.0 = Debug|Any CPU
		{10DC0C58-E02A-4DC8-995F-B2B166BDEFE8}.Release|Any CPU.ActiveCfg = Release|Any CPU
		{10DC0C58-E02A-4DC8-995F-B2B166BDEFE8}.Release|Any CPU.Build.0 = Release|Any CPU
		{10DC0C58-E02A-4DC8-995F-B2B166BDEFE8}.Release|x64.ActiveCfg = Release|Any CPU
		{10DC0C58-E02A-4DC8-995F-B2B166BDEFE8}.Release|x64.Build.0 = Release|Any CPU
		{10DC0C58-E02A-4DC8-995F-B2B166BDEFE8}.Release|x86.ActiveCfg = Release|Any CPU
		{10DC0C58-E02A-4DC8-995F-B2B166BDEFE8}.Release|x86.Build.0 = Release|Any CPU
		{ABCF7755-4E04-4861-A364-F50F18CC98CE}.Debug|Any CPU.ActiveCfg = Debug|Any CPU
		{ABCF7755-4E04-4861-A364-F50F18CC98CE}.Debug|Any CPU.Build.0 = Debug|Any CPU
		{ABCF7755-4E04-4861-A364-F50F18CC98CE}.Debug|x64.ActiveCfg = Debug|Any CPU
		{ABCF7755-4E04-4861-A364-F50F18CC98CE}.Debug|x64.Build.0 = Debug|Any CPU
		{ABCF7755-4E04-4861-A364-F50F18CC98CE}.Debug|x86.ActiveCfg = Debug|Any CPU
		{ABCF7755-4E04-4861-A364-F50F18CC98CE}.Debug|x86.Build.0 = Debug|Any CPU
		{ABCF7755-4E04-4861-A364-F50F18CC98CE}.Release|Any CPU.ActiveCfg = Release|Any CPU
		{ABCF7755-4E04-4861-A364-F50F18CC98CE}.Release|Any CPU.Build.0 = Release|Any CPU
		{ABCF7755-4E04-4861-A364-F50F18CC98CE}.Release|x64.ActiveCfg = Release|Any CPU
		{ABCF7755-4E04-4861-A364-F50F18CC98CE}.Release|x64.Build.0 = Release|Any CPU
		{ABCF7755-4E04-4861-A364-F50F18CC98CE}.Release|x86.ActiveCfg = Release|Any CPU
		{ABCF7755-4E04-4861-A364-F50F18CC98CE}.Release|x86.Build.0 = Release|Any CPU
		{1E03ED4D-5E87-41C3-A173-F2247E86DF4C}.Debug|Any CPU.ActiveCfg = Debug|Any CPU
		{1E03ED4D-5E87-41C3-A173-F2247E86DF4C}.Debug|Any CPU.Build.0 = Debug|Any CPU
		{1E03ED4D-5E87-41C3-A173-F2247E86DF4C}.Debug|x64.ActiveCfg = Debug|Any CPU
		{1E03ED4D-5E87-41C3-A173-F2247E86DF4C}.Debug|x64.Build.0 = Debug|Any CPU
		{1E03ED4D-5E87-41C3-A173-F2247E86DF4C}.Debug|x86.ActiveCfg = Debug|Any CPU
		{1E03ED4D-5E87-41C3-A173-F2247E86DF4C}.Debug|x86.Build.0 = Debug|Any CPU
		{1E03ED4D-5E87-41C3-A173-F2247E86DF4C}.Release|Any CPU.ActiveCfg = Release|Any CPU
		{1E03ED4D-5E87-41C3-A173-F2247E86DF4C}.Release|Any CPU.Build.0 = Release|Any CPU
		{1E03ED4D-5E87-41C3-A173-F2247E86DF4C}.Release|x64.ActiveCfg = Release|Any CPU
		{1E03ED4D-5E87-41C3-A173-F2247E86DF4C}.Release|x64.Build.0 = Release|Any CPU
		{1E03ED4D-5E87-41C3-A173-F2247E86DF4C}.Release|x86.ActiveCfg = Release|Any CPU
		{1E03ED4D-5E87-41C3-A173-F2247E86DF4C}.Release|x86.Build.0 = Release|Any CPU
		{1F583FA5-6B06-1921-CC71-E21EC4E44AAA}.Debug|Any CPU.ActiveCfg = Debug|Any CPU
		{1F583FA5-6B06-1921-CC71-E21EC4E44AAA}.Debug|Any CPU.Build.0 = Debug|Any CPU
		{1F583FA5-6B06-1921-CC71-E21EC4E44AAA}.Debug|x64.ActiveCfg = Debug|Any CPU
		{1F583FA5-6B06-1921-CC71-E21EC4E44AAA}.Debug|x64.Build.0 = Debug|Any CPU
		{1F583FA5-6B06-1921-CC71-E21EC4E44AAA}.Debug|x86.ActiveCfg = Debug|Any CPU
		{1F583FA5-6B06-1921-CC71-E21EC4E44AAA}.Debug|x86.Build.0 = Debug|Any CPU
		{1F583FA5-6B06-1921-CC71-E21EC4E44AAA}.Release|Any CPU.ActiveCfg = Release|Any CPU
		{1F583FA5-6B06-1921-CC71-E21EC4E44AAA}.Release|Any CPU.Build.0 = Release|Any CPU
		{1F583FA5-6B06-1921-CC71-E21EC4E44AAA}.Release|x64.ActiveCfg = Release|Any CPU
		{1F583FA5-6B06-1921-CC71-E21EC4E44AAA}.Release|x64.Build.0 = Release|Any CPU
		{1F583FA5-6B06-1921-CC71-E21EC4E44AAA}.Release|x86.ActiveCfg = Release|Any CPU
		{1F583FA5-6B06-1921-CC71-E21EC4E44AAA}.Release|x86.Build.0 = Release|Any CPU
	EndGlobalSection
	GlobalSection(SolutionProperties) = preSolution
		HideSolutionNode = FALSE
	EndGlobalSection
	GlobalSection(NestedProjects) = preSolution
		{E15EB717-BC0D-4EA2-8F1C-2F129E413E41} = {663D2DBD-2DA4-46E3-BCD6-7418451A8321}
		{D7CDC48E-2053-472B-A998-129521C841B8} = {663D2DBD-2DA4-46E3-BCD6-7418451A8321}
		{2BB80B40-2965-48E0-A729-630C5D2CF025} = {02EA681E-C7D8-13C7-8484-4AC65E1B71E8}
		{3DFFEAB9-FEF0-45FB-B044-050E657AD008} = {02EA681E-C7D8-13C7-8484-4AC65E1B71E8}
		{D2D665C4-320B-462C-91A0-718E9E81D2A0} = {02EA681E-C7D8-13C7-8484-4AC65E1B71E8}
		{566B20A9-BA35-49A3-B674-3773E15C06C0} = {02EA681E-C7D8-13C7-8484-4AC65E1B71E8}
		{6FD4C7DA-E8F3-4D58-88D0-038442A5311B} = {03D09ED1-B124-4CE3-A129-4F692306BBD1}
		{A89A6D58-E388-412D-BEB3-0B225DD6605B} = {03D09ED1-B124-4CE3-A129-4F692306BBD1}
		{2B229B77-39D5-4DCC-938C-D9752AF531FD} = {03D09ED1-B124-4CE3-A129-4F692306BBD1}
		{546CFC26-2C2A-4B83-994A-4DF38991EE7E} = {03D09ED1-B124-4CE3-A129-4F692306BBD1}
		{33557C49-1699-49CC-A5A2-AC71C6E6214E} = {03D09ED1-B124-4CE3-A129-4F692306BBD1}
		{1A69D5D8-4AE0-4E64-8401-6AB9015B442F} = {02EA681E-C7D8-13C7-8484-4AC65E1B71E8}
		{0C88DD14-F956-CE84-757C-A364CCF449FC} = {827E0CD3-B72D-47B6-A68D-7590B98EB39B}
		{D40A58DC-B3F8-43F4-9E40-04A9BC913AF1} = {0C88DD14-F956-CE84-757C-A364CCF449FC}
		{10DC0C58-E02A-4DC8-995F-B2B166BDEFE8} = {0C88DD14-F956-CE84-757C-A364CCF449FC}
		{ABCF7755-4E04-4861-A364-F50F18CC98CE} = {0C88DD14-F956-CE84-757C-A364CCF449FC}
		{1E03ED4D-5E87-41C3-A173-F2247E86DF4C} = {5D20AA90-6969-D8BD-9DCD-8634F4692FDA}
		{1F583FA5-6B06-1921-CC71-E21EC4E44AAA} = {7361D72C-616B-4639-A987-3AFE93BA38A0}
		{02EA681E-C7D8-13C7-8484-4AC65E1B71E8} = {827E0CD3-B72D-47B6-A68D-7590B98EB39B}
		{03D09ED1-B124-4CE3-A129-4F692306BBD1} = {827E0CD3-B72D-47B6-A68D-7590B98EB39B}
		{7361D72C-616B-4639-A987-3AFE93BA38A0} = {827E0CD3-B72D-47B6-A68D-7590B98EB39B}
		{663D2DBD-2DA4-46E3-BCD6-7418451A8321} = {827E0CD3-B72D-47B6-A68D-7590B98EB39B}
	EndGlobalSection
	GlobalSection(ExtensibilityGlobals) = postSolution
		SolutionGuid = {4498823F-3055-4AF4-95BE-2F42A2381429}
	EndGlobalSection
EndGlobal
