Microsoft Visual Studio Solution File, Format Version 12.00
# Visual Studio Version 17
VisualStudioVersion = 17.5.2.0
MinimumVisualStudioVersion = 10.0.40219.1
Project("{FAE04EC0-301F-11D3-BF4B-00C04F79EFBC}") = "console-output-provider", "console-output-provider.csproj", "{BCEA036A-E090-14F8-719B-21BB6AA718F9}"
EndProject
Global
	GlobalSection(SolutionConfigurationPlatforms) = preSolution
		Debug|Any CPU = Debug|Any CPU
		Release|Any CPU = Release|Any CPU
	EndGlobalSection
	GlobalSection(ProjectConfigurationPlatforms) = postSolution
		{BCEA036A-E090-14F8-719B-21BB6AA718F9}.Debug|Any CPU.ActiveCfg = Debug|Any CPU
		{BCEA036A-E090-14F8-719B-21BB6AA718F9}.Debug|Any CPU.Build.0 = Debug|Any CPU
		{BCEA036A-E090-14F8-719B-21BB6AA718F9}.Release|Any CPU.ActiveCfg = Release|Any CPU
		{BCEA036A-E090-14F8-719B-21BB6AA718F9}.Release|Any CPU.Build.0 = Release|Any CPU
	EndGlobalSection
	GlobalSection(SolutionProperties) = preSolution
		HideSolutionNode = FALSE
	EndGlobalSection
	GlobalSection(ExtensibilityGlobals) = postSolution
		SolutionGuid = {06470C2A-FC5B-4A3D-B775-74A53F5E3420}
	EndGlobalSection
EndGlobal
